
Microsoft Visual Studio Solution File, Format Version 11.00
# Visual Studio 2010
Project("{FAE04EC0-301F-11D3-BF4B-00C04F79EFBC}") = "NexStar", "NexStar\NexStar.csproj", "{91712BD1-5869-41C7-864D-AAA6781B573A}"
EndProject
Project("{FAE04EC0-301F-11D3-BF4B-00C04F79EFBC}") = "NexStar.Telescope", "NexStar.Telescope\NexStar.Telescope.csproj", "{040BB49C-094E-41A4-B8E7-43A6B7AF9AC5}"
EndProject
Global
	GlobalSection(SolutionConfigurationPlatforms) = preSolution
		Debug|Any CPU = Debug|Any CPU
		Release|Any CPU = Release|Any CPU
	EndGlobalSection
	GlobalSection(ProjectConfigurationPlatforms) = postSolution
		{91712BD1-5869-41C7-864D-AAA6781B573A}.Debug|Any CPU.ActiveCfg = Debug|Any CPU
		{91712BD1-5869-41C7-864D-AAA6781B573A}.Debug|Any CPU.Build.0 = Debug|Any CPU
		{91712BD1-5869-41C7-864D-AAA6781B573A}.Release|Any CPU.ActiveCfg = Release|Any CPU
		{91712BD1-5869-41C7-864D-AAA6781B573A}.Release|Any CPU.Build.0 = Release|Any CPU
		{040BB49C-094E-41A4-B8E7-43A6B7AF9AC5}.Debug|Any CPU.ActiveCfg = Debug|Any CPU
		{040BB49C-094E-41A4-B8E7-43A6B7AF9AC5}.Debug|Any CPU.Build.0 = Debug|Any CPU
		{040BB49C-094E-41A4-B8E7-43A6B7AF9AC5}.Release|Any CPU.ActiveCfg = Release|Any CPU
		{040BB49C-094E-41A4-B8E7-43A6B7AF9AC5}.Release|Any CPU.Build.0 = Release|Any CPU
	EndGlobalSection
	GlobalSection(SolutionProperties) = preSolution
		HideSolutionNode = FALSE
	EndGlobalSection
EndGlobal
